// !$*UTF8*$!
{
	archiveVersion = 1;
	classes = {
	};
	objectVersion = 60;
	objects = {

/* Begin PBXBuildFile section */
		AF2EF8D32AEDD84C004C4C17 /* AppStoreView.swift in Sources */ = {isa = PBXBuildFile; fileRef = AF2EF8D22AEDD84C004C4C17 /* AppStoreView.swift */; };
		AF8A85D12AED4B4400D8C11A /* TextManager.swift in Sources */ = {isa = PBXBuildFile; fileRef = AF8A85D02AED4B4400D8C11A /* TextManager.swift */; };
		AF8AB7972AE7486C00067A6B /* SettingsSheet.swift in Sources */ = {isa = PBXBuildFile; fileRef = AF8AB7962AE7486C00067A6B /* SettingsSheet.swift */; };
		AF9FF5432AF80DC5009C3CC5 /* MainButton.swift in Sources */ = {isa = PBXBuildFile; fileRef = AF9FF5422AF80DC5009C3CC5 /* MainButton.swift */; };
		AFAD11BA2AE8800F00D2886D /* AwardView.swift in Sources */ = {isa = PBXBuildFile; fileRef = AFAD11B92AE8800F00D2886D /* AwardView.swift */; };
		AFAD11BC2AE880B500D2886D /* MainTabView.swift in Sources */ = {isa = PBXBuildFile; fileRef = AFAD11BB2AE880B500D2886D /* MainTabView.swift */; };
		AFBAC92A2AFAEEEA00F97A32 /* Launch Screen.storyboard in Resources */ = {isa = PBXBuildFile; fileRef = AFBAC9292AFAEEEA00F97A32 /* Launch Screen.storyboard */; };
		AFCF9C7A2AF845690065C69B /* Localizable.xcstrings in Resources */ = {isa = PBXBuildFile; fileRef = AFCF9C792AF845690065C69B /* Localizable.xcstrings */; };
		AFFBAF192AE7105E00640BDC /* CountUP_App.swift in Sources */ = {isa = PBXBuildFile; fileRef = AFFBAF182AE7105E00640BDC /* CountUP_App.swift */; };
		AFFBAF1B2AE7105E00640BDC /* ContentView.swift in Sources */ = {isa = PBXBuildFile; fileRef = AFFBAF1A2AE7105E00640BDC /* ContentView.swift */; };
		AFFBAF1D2AE7105F00640BDC /* Assets.xcassets in Resources */ = {isa = PBXBuildFile; fileRef = AFFBAF1C2AE7105F00640BDC /* Assets.xcassets */; };
		AFFBAF202AE7105F00640BDC /* Preview Assets.xcassets in Resources */ = {isa = PBXBuildFile; fileRef = AFFBAF1F2AE7105F00640BDC /* Preview Assets.xcassets */; };
/* End PBXBuildFile section */

/* Begin PBXCopyFilesBuildPhase section */
		AFB55BBA2AEC4CC20041B8F3 /* Embed Watch Content */ = {
			isa = PBXCopyFilesBuildPhase;
			buildActionMask = 2147483647;
			dstPath = "$(CONTENTS_FOLDER_PATH)/Watch";
			dstSubfolderSpec = 16;
			files = (
			);
			name = "Embed Watch Content";
			runOnlyForDeploymentPostprocessing = 0;
		};
		AFCF9C622AF83DD30065C69B /* Embed Foundation Extensions */ = {
			isa = PBXCopyFilesBuildPhase;
			buildActionMask = 2147483647;
			dstPath = "";
			dstSubfolderSpec = 13;
			files = (
			);
			name = "Embed Foundation Extensions";
			runOnlyForDeploymentPostprocessing = 0;
		};
/* End PBXCopyFilesBuildPhase section */

/* Begin PBXFileReference section */
		AF2EF8D22AEDD84C004C4C17 /* AppStoreView.swift */ = {isa = PBXFileReference; lastKnownFileType = sourcecode.swift; path = AppStoreView.swift; sourceTree = "<group>"; };
		AF74D9652AE7580C003953AE /* CountUP!.entitlements */ = {isa = PBXFileReference; lastKnownFileType = text.plist.entitlements; path = "CountUP!.entitlements"; sourceTree = "<group>"; };
		AF8A85D02AED4B4400D8C11A /* TextManager.swift */ = {isa = PBXFileReference; lastKnownFileType = sourcecode.swift; path = TextManager.swift; sourceTree = "<group>"; };
		AF8AB7962AE7486C00067A6B /* SettingsSheet.swift */ = {isa = PBXFileReference; lastKnownFileType = sourcecode.swift; path = SettingsSheet.swift; sourceTree = "<group>"; };
		AF9FF5422AF80DC5009C3CC5 /* MainButton.swift */ = {isa = PBXFileReference; lastKnownFileType = sourcecode.swift; path = MainButton.swift; sourceTree = "<group>"; };
		AFAD11B92AE8800F00D2886D /* AwardView.swift */ = {isa = PBXFileReference; lastKnownFileType = sourcecode.swift; path = AwardView.swift; sourceTree = "<group>"; };
		AFAD11BB2AE880B500D2886D /* MainTabView.swift */ = {isa = PBXFileReference; lastKnownFileType = sourcecode.swift; path = MainTabView.swift; sourceTree = "<group>"; };
		AFBAC9292AFAEEEA00F97A32 /* Launch Screen.storyboard */ = {isa = PBXFileReference; lastKnownFileType = file.storyboard; path = "Launch Screen.storyboard"; sourceTree = "<group>"; };
		AFCF9C792AF845690065C69B /* Localizable.xcstrings */ = {isa = PBXFileReference; lastKnownFileType = text.json.xcstrings; path = Localizable.xcstrings; sourceTree = "<group>"; };
		AFFBAF152AE7105E00640BDC /* CountUP!.app */ = {isa = PBXFileReference; explicitFileType = wrapper.application; includeInIndex = 0; path = "CountUP!.app"; sourceTree = BUILT_PRODUCTS_DIR; };
		AFFBAF182AE7105E00640BDC /* CountUP_App.swift */ = {isa = PBXFileReference; lastKnownFileType = sourcecode.swift; path = CountUP_App.swift; sourceTree = "<group>"; };
		AFFBAF1A2AE7105E00640BDC /* ContentView.swift */ = {isa = PBXFileReference; lastKnownFileType = sourcecode.swift; path = ContentView.swift; sourceTree = "<group>"; };
		AFFBAF1C2AE7105F00640BDC /* Assets.xcassets */ = {isa = PBXFileReference; lastKnownFileType = folder.assetcatalog; path = Assets.xcassets; sourceTree = "<group>"; };
		AFFBAF1F2AE7105F00640BDC /* Preview Assets.xcassets */ = {isa = PBXFileReference; lastKnownFileType = folder.assetcatalog; path = "Preview Assets.xcassets"; sourceTree = "<group>"; };
/* End PBXFileReference section */

/* Begin PBXFrameworksBuildPhase section */
		AFFBAF122AE7105E00640BDC /* Frameworks */ = {
			isa = PBXFrameworksBuildPhase;
			buildActionMask = 2147483647;
			files = (
			);
			runOnlyForDeploymentPostprocessing = 0;
		};
/* End PBXFrameworksBuildPhase section */

/* Begin PBXGroup section */
		AF2EF8CF2AEDD81E004C4C17 /* Views */ = {
			isa = PBXGroup;
			children = (
				AF9224E72AFC3CFE000EC287 /* Tips */,
				AFAD11BB2AE880B500D2886D /* MainTabView.swift */,
				AFFBAF1A2AE7105E00640BDC /* ContentView.swift */,
				AFAD11B92AE8800F00D2886D /* AwardView.swift */,
				AF2EF8D22AEDD84C004C4C17 /* AppStoreView.swift */,
				AF8AB7962AE7486C00067A6B /* SettingsSheet.swift */,
			);
			path = Views;
			sourceTree = "<group>";
		};
		AF2EF8D02AEDD824004C4C17 /* Models */ = {
			isa = PBXGroup;
			children = (
				AF8A85D02AED4B4400D8C11A /* TextManager.swift */,
			);
			path = Models;
			sourceTree = "<group>";
		};
		AF2EF8D12AEDD829004C4C17 /* App */ = {
			isa = PBXGroup;
			children = (
				AFFBAF182AE7105E00640BDC /* CountUP_App.swift */,
				AFCF9C792AF845690065C69B /* Localizable.xcstrings */,
				AFBAC9292AFAEEEA00F97A32 /* Launch Screen.storyboard */,
			);
			path = App;
			sourceTree = "<group>";
		};
		AF9224E72AFC3CFE000EC287 /* Tips */ = {
			isa = PBXGroup;
			children = (
			);
			path = Tips;
			sourceTree = "<group>";
		};
		AF9FF5402AF80D9D009C3CC5 /* Components */ = {
			isa = PBXGroup;
			children = (
				AF9FF5422AF80DC5009C3CC5 /* MainButton.swift */,
			);
			path = Components;
			sourceTree = "<group>";
		};
		AFFBAF0C2AE7105E00640BDC = {
			isa = PBXGroup;
			children = (
				AFFBAF172AE7105E00640BDC /* CountUP! */,
				AFFBAF162AE7105E00640BDC /* Products */,
			);
			sourceTree = "<group>";
			usesTabs = 0;
		};
		AFFBAF162AE7105E00640BDC /* Products */ = {
			isa = PBXGroup;
			children = (
				AFFBAF152AE7105E00640BDC /* CountUP!.app */,
			);
			name = Products;
			sourceTree = "<group>";
		};
		AFFBAF172AE7105E00640BDC /* CountUP! */ = {
			isa = PBXGroup;
			children = (
				AF9FF5402AF80D9D009C3CC5 /* Components */,
				AF2EF8D12AEDD829004C4C17 /* App */,
				AF2EF8D02AEDD824004C4C17 /* Models */,
				AF2EF8CF2AEDD81E004C4C17 /* Views */,
				AF74D9652AE7580C003953AE /* CountUP!.entitlements */,
				AFFBAF1C2AE7105F00640BDC /* Assets.xcassets */,
				AFFBAF1E2AE7105F00640BDC /* Preview Content */,
			);
			path = "CountUP!";
			sourceTree = "<group>";
		};
		AFFBAF1E2AE7105F00640BDC /* Preview Content */ = {
			isa = PBXGroup;
			children = (
				AFFBAF1F2AE7105F00640BDC /* Preview Assets.xcassets */,
			);
			path = "Preview Content";
			sourceTree = "<group>";
		};
/* End PBXGroup section */

/* Begin PBXNativeTarget section */
		AFFBAF142AE7105E00640BDC /* CountUP! */ = {
			isa = PBXNativeTarget;
			buildConfigurationList = AFFBAF232AE7105F00640BDC /* Build configuration list for PBXNativeTarget "CountUP!" */;
			buildPhases = (
				AFFBAF112AE7105E00640BDC /* Sources */,
				AFFBAF122AE7105E00640BDC /* Frameworks */,
				AFFBAF132AE7105E00640BDC /* Resources */,
				AFB55BBA2AEC4CC20041B8F3 /* Embed Watch Content */,
				AFCF9C622AF83DD30065C69B /* Embed Foundation Extensions */,
			);
			buildRules = (
			);
			dependencies = (
			);
			name = "CountUP!";
			productName = "CountUP!";
			productReference = AFFBAF152AE7105E00640BDC /* CountUP!.app */;
			productType = "com.apple.product-type.application";
		};
/* End PBXNativeTarget section */

/* Begin PBXProject section */
		AFFBAF0D2AE7105E00640BDC /* Project object */ = {
			isa = PBXProject;
			attributes = {
				BuildIndependentTargetsInParallel = 1;
				LastSwiftUpdateCheck = 1500;
				LastUpgradeCheck = 1510;
				TargetAttributes = {
					AFFBAF142AE7105E00640BDC = {
						CreatedOnToolsVersion = 15.1;
					};
				};
			};
			buildConfigurationList = AFFBAF102AE7105E00640BDC /* Build configuration list for PBXProject "CountUP!" */;
			compatibilityVersion = "Xcode 15.0";
			developmentRegion = en;
			hasScannedForEncodings = 0;
			knownRegions = (
				en,
				Base,
				he,
				de,
				"es-419",
			);
			mainGroup = AFFBAF0C2AE7105E00640BDC;
			productRefGroup = AFFBAF162AE7105E00640BDC /* Products */;
			projectDirPath = "";
			projectRoot = "";
			targets = (
				AFFBAF142AE7105E00640BDC /* CountUP! */,
			);
		};
/* End PBXProject section */

/* Begin PBXResourcesBuildPhase section */
		AFFBAF132AE7105E00640BDC /* Resources */ = {
			isa = PBXResourcesBuildPhase;
			buildActionMask = 2147483647;
			files = (
				AFFBAF202AE7105F00640BDC /* Preview Assets.xcassets in Resources */,
				AFFBAF1D2AE7105F00640BDC /* Assets.xcassets in Resources */,
				AFBAC92A2AFAEEEA00F97A32 /* Launch Screen.storyboard in Resources */,
				AFCF9C7A2AF845690065C69B /* Localizable.xcstrings in Resources */,
			);
			runOnlyForDeploymentPostprocessing = 0;
		};
/* End PBXResourcesBuildPhase section */

/* Begin PBXSourcesBuildPhase section */
		AFFBAF112AE7105E00640BDC /* Sources */ = {
			isa = PBXSourcesBuildPhase;
			buildActionMask = 2147483647;
			files = (
				AFAD11BC2AE880B500D2886D /* MainTabView.swift in Sources */,
				AFAD11BA2AE8800F00D2886D /* AwardView.swift in Sources */,
				AF8A85D12AED4B4400D8C11A /* TextManager.swift in Sources */,
				AF8AB7972AE7486C00067A6B /* SettingsSheet.swift in Sources */,
				AF9FF5432AF80DC5009C3CC5 /* MainButton.swift in Sources */,
				AFFBAF1B2AE7105E00640BDC /* ContentView.swift in Sources */,
				AF2EF8D32AEDD84C004C4C17 /* AppStoreView.swift in Sources */,
				AFFBAF192AE7105E00640BDC /* CountUP_App.swift in Sources */,
			);
			runOnlyForDeploymentPostprocessing = 0;
		};
/* End PBXSourcesBuildPhase section */

/* Begin XCBuildConfiguration section */
		AFFBAF212AE7105F00640BDC /* Debug */ = {
			isa = XCBuildConfiguration;
			buildSettings = {
				ALWAYS_SEARCH_USER_PATHS = NO;
				ASSETCATALOG_COMPILER_GENERATE_SWIFT_ASSET_SYMBOL_EXTENSIONS = YES;
				CLANG_ANALYZER_NONNULL = YES;
				CLANG_ANALYZER_NUMBER_OBJECT_CONVERSION = YES_AGGRESSIVE;
				CLANG_CXX_LANGUAGE_STANDARD = "gnu++20";
				CLANG_ENABLE_MODULES = YES;
				CLANG_ENABLE_OBJC_ARC = YES;
				CLANG_ENABLE_OBJC_WEAK = YES;
				CLANG_WARN_BLOCK_CAPTURE_AUTORELEASING = YES;
				CLANG_WARN_BOOL_CONVERSION = YES;
				CLANG_WARN_COMMA = YES;
				CLANG_WARN_CONSTANT_CONVERSION = YES;
				CLANG_WARN_DEPRECATED_OBJC_IMPLEMENTATIONS = YES;
				CLANG_WARN_DIRECT_OBJC_ISA_USAGE = YES_ERROR;
				CLANG_WARN_DOCUMENTATION_COMMENTS = YES;
				CLANG_WARN_EMPTY_BODY = YES;
				CLANG_WARN_ENUM_CONVERSION = YES;
				CLANG_WARN_INFINITE_RECURSION = YES;
				CLANG_WARN_INT_CONVERSION = YES;
				CLANG_WARN_NON_LITERAL_NULL_CONVERSION = YES;
				CLANG_WARN_OBJC_IMPLICIT_RETAIN_SELF = YES;
				CLANG_WARN_OBJC_LITERAL_CONVERSION = YES;
				CLANG_WARN_OBJC_ROOT_CLASS = YES_ERROR;
				CLANG_WARN_QUOTED_INCLUDE_IN_FRAMEWORK_HEADER = YES;
				CLANG_WARN_RANGE_LOOP_ANALYSIS = YES;
				CLANG_WARN_STRICT_PROTOTYPES = YES;
				CLANG_WARN_SUSPICIOUS_MOVE = YES;
				CLANG_WARN_UNGUARDED_AVAILABILITY = YES_AGGRESSIVE;
				CLANG_WARN_UNREACHABLE_CODE = YES;
				CLANG_WARN__DUPLICATE_METHOD_MATCH = YES;
				COPY_PHASE_STRIP = NO;
				DEBUG_INFORMATION_FORMAT = dwarf;
				ENABLE_STRICT_OBJC_MSGSEND = YES;
				ENABLE_TESTABILITY = YES;
				ENABLE_USER_SCRIPT_SANDBOXING = YES;
				GCC_C_LANGUAGE_STANDARD = gnu17;
				GCC_DYNAMIC_NO_PIC = NO;
				GCC_NO_COMMON_BLOCKS = YES;
				GCC_OPTIMIZATION_LEVEL = 0;
				GCC_PREPROCESSOR_DEFINITIONS = (
					"DEBUG=1",
					"$(inherited)",
				);
				GCC_WARN_64_TO_32_BIT_CONVERSION = YES;
				GCC_WARN_ABOUT_RETURN_TYPE = YES_ERROR;
				GCC_WARN_UNDECLARED_SELECTOR = YES;
				GCC_WARN_UNINITIALIZED_AUTOS = YES_AGGRESSIVE;
				GCC_WARN_UNUSED_FUNCTION = YES;
				GCC_WARN_UNUSED_VARIABLE = YES;
				IPHONEOS_DEPLOYMENT_TARGET = 17.0;
				LOCALIZATION_PREFERS_STRING_CATALOGS = YES;
				MTL_ENABLE_DEBUG_INFO = INCLUDE_SOURCE;
				MTL_FAST_MATH = YES;
				ONLY_ACTIVE_ARCH = YES;
				SDKROOT = iphoneos;
				SWIFT_ACTIVE_COMPILATION_CONDITIONS = "DEBUG $(inherited)";
				SWIFT_OPTIMIZATION_LEVEL = "-Onone";
			};
			name = Debug;
		};
		AFFBAF222AE7105F00640BDC /* Release */ = {
			isa = XCBuildConfiguration;
			buildSettings = {
				ALWAYS_SEARCH_USER_PATHS = NO;
				ASSETCATALOG_COMPILER_GENERATE_SWIFT_ASSET_SYMBOL_EXTENSIONS = YES;
				CLANG_ANALYZER_NONNULL = YES;
				CLANG_ANALYZER_NUMBER_OBJECT_CONVERSION = YES_AGGRESSIVE;
				CLANG_CXX_LANGUAGE_STANDARD = "gnu++20";
				CLANG_ENABLE_MODULES = YES;
				CLANG_ENABLE_OBJC_ARC = YES;
				CLANG_ENABLE_OBJC_WEAK = YES;
				CLANG_WARN_BLOCK_CAPTURE_AUTORELEASING = YES;
				CLANG_WARN_BOOL_CONVERSION = YES;
				CLANG_WARN_COMMA = YES;
				CLANG_WARN_CONSTANT_CONVERSION = YES;
				CLANG_WARN_DEPRECATED_OBJC_IMPLEMENTATIONS = YES;
				CLANG_WARN_DIRECT_OBJC_ISA_USAGE = YES_ERROR;
				CLANG_WARN_DOCUMENTATION_COMMENTS = YES;
				CLANG_WARN_EMPTY_BODY = YES;
				CLANG_WARN_ENUM_CONVERSION = YES;
				CLANG_WARN_INFINITE_RECURSION = YES;
				CLANG_WARN_INT_CONVERSION = YES;
				CLANG_WARN_NON_LITERAL_NULL_CONVERSION = YES;
				CLANG_WARN_OBJC_IMPLICIT_RETAIN_SELF = YES;
				CLANG_WARN_OBJC_LITERAL_CONVERSION = YES;
				CLANG_WARN_OBJC_ROOT_CLASS = YES_ERROR;
				CLANG_WARN_QUOTED_INCLUDE_IN_FRAMEWORK_HEADER = YES;
				CLANG_WARN_RANGE_LOOP_ANALYSIS = YES;
				CLANG_WARN_STRICT_PROTOTYPES = YES;
				CLANG_WARN_SUSPICIOUS_MOVE = YES;
				CLANG_WARN_UNGUARDED_AVAILABILITY = YES_AGGRESSIVE;
				CLANG_WARN_UNREACHABLE_CODE = YES;
				CLANG_WARN__DUPLICATE_METHOD_MATCH = YES;
				COPY_PHASE_STRIP = NO;
				DEBUG_INFORMATION_FORMAT = "dwarf-with-dsym";
				ENABLE_NS_ASSERTIONS = NO;
				ENABLE_STRICT_OBJC_MSGSEND = YES;
				ENABLE_USER_SCRIPT_SANDBOXING = YES;
				GCC_C_LANGUAGE_STANDARD = gnu17;
				GCC_NO_COMMON_BLOCKS = YES;
				GCC_WARN_64_TO_32_BIT_CONVERSION = YES;
				GCC_WARN_ABOUT_RETURN_TYPE = YES_ERROR;
				GCC_WARN_UNDECLARED_SELECTOR = YES;
				GCC_WARN_UNINITIALIZED_AUTOS = YES_AGGRESSIVE;
				GCC_WARN_UNUSED_FUNCTION = YES;
				GCC_WARN_UNUSED_VARIABLE = YES;
				IPHONEOS_DEPLOYMENT_TARGET = 17.0;
				LOCALIZATION_PREFERS_STRING_CATALOGS = YES;
				MTL_ENABLE_DEBUG_INFO = NO;
				MTL_FAST_MATH = YES;
				SDKROOT = iphoneos;
				SWIFT_COMPILATION_MODE = wholemodule;
				VALIDATE_PRODUCT = YES;
			};
			name = Release;
		};
		AFFBAF242AE7105F00640BDC /* Debug */ = {
			isa = XCBuildConfiguration;
			buildSettings = {
				ASSETCATALOG_COMPILER_APPICON_NAME = AppIcon;
				ASSETCATALOG_COMPILER_GLOBAL_ACCENT_COLOR_NAME = AccentColor;
				ASSETCATALOG_COMPILER_INCLUDE_ALL_APPICON_ASSETS = NO;
				CODE_SIGN_ENTITLEMENTS = "CountUP!/CountUP!.entitlements";
				CODE_SIGN_STYLE = Automatic;
				CURRENT_PROJECT_VERSION = 1;
				DEVELOPMENT_ASSET_PATHS = "\"CountUP!/Preview Content\"";
				DEVELOPMENT_TEAM = D6XT57G5YN;
				ENABLE_PREVIEWS = YES;
				GENERATE_INFOPLIST_FILE = YES;
				INFOPLIST_KEY_CFBundleDisplayName = UpClick;
				INFOPLIST_KEY_LSApplicationCategoryType = "public.app-category.games";
				INFOPLIST_KEY_UIApplicationSceneManifest_Generation = YES;
				INFOPLIST_KEY_UIApplicationSupportsIndirectInputEvents = YES;
				INFOPLIST_KEY_UILaunchScreen_Generation = YES;
				INFOPLIST_KEY_UILaunchStoryboardName = "Launch Screen.storyboard";
				INFOPLIST_KEY_UIStatusBarStyle = "";
				INFOPLIST_KEY_UISupportedInterfaceOrientations = UIInterfaceOrientationPortrait;
				INFOPLIST_KEY_UISupportedInterfaceOrientations_iPad = "UIInterfaceOrientationLandscapeLeft UIInterfaceOrientationLandscapeRight UIInterfaceOrientationPortrait UIInterfaceOrientationPortraitUpsideDown";
				IPHONEOS_DEPLOYMENT_TARGET = 16.0;
				LD_RUNPATH_SEARCH_PATHS = (
					"$(inherited)",
					"@executable_path/Frameworks",
				);
				MACOSX_DEPLOYMENT_TARGET = 12.0;
				MARKETING_VERSION = 1.7.7;
				PRODUCT_BUNDLE_IDENTIFIER = "JaphetT.CountUP-";
				PRODUCT_NAME = "$(TARGET_NAME)";
				SUPPORTED_PLATFORMS = "iphoneos iphonesimulator";
				SUPPORTS_MACCATALYST = NO;
				SUPPORTS_MAC_DESIGNED_FOR_IPHONE_IPAD = YES;
				SWIFT_EMIT_LOC_STRINGS = YES;
				SWIFT_VERSION = 5.0;
				TARGETED_DEVICE_FAMILY = "1,2";
				TVOS_DEPLOYMENT_TARGET = 15.0;
			};
			name = Debug;
		};
		AFFBAF252AE7105F00640BDC /* Release */ = {
			isa = XCBuildConfiguration;
			buildSettings = {
				ASSETCATALOG_COMPILER_APPICON_NAME = AppIcon;
				ASSETCATALOG_COMPILER_GLOBAL_ACCENT_COLOR_NAME = AccentColor;
				ASSETCATALOG_COMPILER_INCLUDE_ALL_APPICON_ASSETS = NO;
				CODE_SIGN_ENTITLEMENTS = "CountUP!/CountUP!.entitlements";
				CODE_SIGN_STYLE = Automatic;
				CURRENT_PROJECT_VERSION = 1;
				DEVELOPMENT_ASSET_PATHS = "\"CountUP!/Preview Content\"";
				DEVELOPMENT_TEAM = D6XT57G5YN;
				ENABLE_PREVIEWS = YES;
				GENERATE_INFOPLIST_FILE = YES;
				INFOPLIST_KEY_CFBundleDisplayName = UpClick;
				INFOPLIST_KEY_LSApplicationCategoryType = "public.app-category.games";
				INFOPLIST_KEY_UIApplicationSceneManifest_Generation = YES;
				INFOPLIST_KEY_UIApplicationSupportsIndirectInputEvents = YES;
				INFOPLIST_KEY_UILaunchScreen_Generation = YES;
				INFOPLIST_KEY_UILaunchStoryboardName = "Launch Screen.storyboard";
				INFOPLIST_KEY_UIStatusBarStyle = "";
				INFOPLIST_KEY_UISupportedInterfaceOrientations = UIInterfaceOrientationPortrait;
				INFOPLIST_KEY_UISupportedInterfaceOrientations_iPad = "UIInterfaceOrientationLandscapeLeft UIInterfaceOrientationLandscapeRight UIInterfaceOrientationPortrait UIInterfaceOrientationPortraitUpsideDown";
				IPHONEOS_DEPLOYMENT_TARGET = 16.0;
				LD_RUNPATH_SEARCH_PATHS = (
					"$(inherited)",
					"@executable_path/Frameworks",
				);
				MACOSX_DEPLOYMENT_TARGET = 12.0;
				MARKETING_VERSION = 1.7.7;
				PRODUCT_BUNDLE_IDENTIFIER = "JaphetT.CountUP-";
				PRODUCT_NAME = "$(TARGET_NAME)";
				SUPPORTED_PLATFORMS = "iphoneos iphonesimulator";
				SUPPORTS_MACCATALYST = NO;
				SUPPORTS_MAC_DESIGNED_FOR_IPHONE_IPAD = YES;
				SWIFT_EMIT_LOC_STRINGS = YES;
				SWIFT_VERSION = 5.0;
				TARGETED_DEVICE_FAMILY = "1,2";
				TVOS_DEPLOYMENT_TARGET = 15.0;
			};
			name = Release;
		};
/* End XCBuildConfiguration section */

/* Begin XCConfigurationList section */
		AFFBAF102AE7105E00640BDC /* Build configuration list for PBXProject "CountUP!" */ = {
			isa = XCConfigurationList;
			buildConfigurations = (
				AFFBAF212AE7105F00640BDC /* Debug */,
				AFFBAF222AE7105F00640BDC /* Release */,
			);
			defaultConfigurationIsVisible = 0;
			defaultConfigurationName = Release;
		};
		AFFBAF232AE7105F00640BDC /* Build configuration list for PBXNativeTarget "CountUP!" */ = {
			isa = XCConfigurationList;
			buildConfigurations = (
				AFFBAF242AE7105F00640BDC /* Debug */,
				AFFBAF252AE7105F00640BDC /* Release */,
			);
			defaultConfigurationIsVisible = 0;
			defaultConfigurationName = Release;
		};
/* End XCConfigurationList section */
	};
	rootObject = AFFBAF0D2AE7105E00640BDC /* Project object */;
}
